
Microsoft Visual Studio Solution File, Format Version 12.00
# Visual Studio Version 16
VisualStudioVersion = 16.0.30717.126
MinimumVisualStudioVersion = 10.0.40219.1
Project("{9A19103F-16F7-4668-BE54-9A1E7A4F7556}") = "TestFunc", "TestFunc\TestFunc.csproj", "{2F1FAEA4-2B45-4F6A-9C80-F2DA9A55250D}"
EndProject
Global
	GlobalSection(SolutionConfigurationPlatforms) = preSolution
		Debug|Any CPU = Debug|Any CPU
		Release|Any CPU = Release|Any CPU
	EndGlobalSection
	GlobalSection(ProjectConfigurationPlatforms) = postSolution
		{2F1FAEA4-2B45-4F6A-9C80-F2DA9A55250D}.Debug|Any CPU.ActiveCfg = Debug|Any CPU
		{2F1FAEA4-2B45-4F6A-9C80-F2DA9A55250D}.Debug|Any CPU.Build.0 = Debug|Any CPU
		{2F1FAEA4-2B45-4F6A-9C80-F2DA9A55250D}.Release|Any CPU.ActiveCfg = Release|Any CPU
		{2F1FAEA4-2B45-4F6A-9C80-F2DA9A55250D}.Release|Any CPU.Build.0 = Release|Any CPU
	EndGlobalSection
	GlobalSection(SolutionProperties) = preSolution
		HideSolutionNode = FALSE
	EndGlobalSection
	GlobalSection(ExtensibilityGlobals) = postSolution
		SolutionGuid = {F99A2462-594E-4358-826C-8ED4FB3B8BD9}
	EndGlobalSection
EndGlobal
